// !$*UTF8*$!
{
	archiveVersion = 1;
	classes = {
	};
	objectVersion = 51;
	objects = {

/* Begin PBXBuildFile section */
		539A05E85959F2101F070C97 /* Pods_NewsCards.framework in Frameworks */ = {isa = PBXBuildFile; fileRef = B3C6A4F4A9EC413D307B139A /* Pods_NewsCards.framework */; };
		607E551A27243575002116B1 /* CollectionViewCell.swift in Sources */ = {isa = PBXBuildFile; fileRef = 607E551927243575002116B1 /* CollectionViewCell.swift */; };
		607E551E27253854002116B1 /* HeaderCollectionReusableView.swift in Sources */ = {isa = PBXBuildFile; fileRef = 607E551C27253854002116B1 /* HeaderCollectionReusableView.swift */; };
		607E551F27253854002116B1 /* HeaderCollectionReusableView.xib in Resources */ = {isa = PBXBuildFile; fileRef = 607E551D27253854002116B1 /* HeaderCollectionReusableView.xib */; };
		608D6B12272411DB00EC0DCE /* AppDelegate.swift in Sources */ = {isa = PBXBuildFile; fileRef = 608D6B11272411DB00EC0DCE /* AppDelegate.swift */; };
		608D6B14272411DB00EC0DCE /* SceneDelegate.swift in Sources */ = {isa = PBXBuildFile; fileRef = 608D6B13272411DB00EC0DCE /* SceneDelegate.swift */; };
		608D6B16272411DB00EC0DCE /* ViewController.swift in Sources */ = {isa = PBXBuildFile; fileRef = 608D6B15272411DB00EC0DCE /* ViewController.swift */; };
		608D6B19272411DB00EC0DCE /* Main.storyboard in Resources */ = {isa = PBXBuildFile; fileRef = 608D6B17272411DB00EC0DCE /* Main.storyboard */; };
		608D6B1C272411DB00EC0DCE /* NewsCards.xcdatamodeld in Sources */ = {isa = PBXBuildFile; fileRef = 608D6B1A272411DB00EC0DCE /* NewsCards.xcdatamodeld */; };
		608D6B1E272411DF00EC0DCE /* Assets.xcassets in Resources */ = {isa = PBXBuildFile; fileRef = 608D6B1D272411DF00EC0DCE /* Assets.xcassets */; };
		608D6B21272411DF00EC0DCE /* LaunchScreen.storyboard in Resources */ = {isa = PBXBuildFile; fileRef = 608D6B1F272411DF00EC0DCE /* LaunchScreen.storyboard */; };
		608D6B2C272411E000EC0DCE /* NewsCardsTests.swift in Sources */ = {isa = PBXBuildFile; fileRef = 608D6B2B272411E000EC0DCE /* NewsCardsTests.swift */; };
		608D6B37272411E000EC0DCE /* NewsCardsUITests.swift in Sources */ = {isa = PBXBuildFile; fileRef = 608D6B36272411E000EC0DCE /* NewsCardsUITests.swift */; };
		98E6B33F395F2A3AC0ADF9A4 /* Pods_NewsCardsTests.framework in Frameworks */ = {isa = PBXBuildFile; fileRef = 5ED13002DF631A89411B74E4 /* Pods_NewsCardsTests.framework */; };
		A4939251343FEEAA9EBC2F6C /* Pods_NewsCards_NewsCardsUITests.framework in Frameworks */ = {isa = PBXBuildFile; fileRef = 95D0AE06872FF0DAF6AAC461 /* Pods_NewsCards_NewsCardsUITests.framework */; };
/* End PBXBuildFile section */

/* Begin PBXContainerItemProxy section */
		608D6B28272411E000EC0DCE /* PBXContainerItemProxy */ = {
			isa = PBXContainerItemProxy;
			containerPortal = 608D6B06272411DB00EC0DCE /* Project object */;
			proxyType = 1;
			remoteGlobalIDString = 608D6B0D272411DB00EC0DCE;
			remoteInfo = NewsCards;
		};
		608D6B33272411E000EC0DCE /* PBXContainerItemProxy */ = {
			isa = PBXContainerItemProxy;
			containerPortal = 608D6B06272411DB00EC0DCE /* Project object */;
			proxyType = 1;
			remoteGlobalIDString = 608D6B0D272411DB00EC0DCE;
			remoteInfo = NewsCards;
		};
/* End PBXContainerItemProxy section */

/* Begin PBXFileReference section */
		03B9935F977AABBE352F2DD0 /* Pods-NewsCards.debug.xcconfig */ = {isa = PBXFileReference; includeInIndex = 1; lastKnownFileType = text.xcconfig; name = "Pods-NewsCards.debug.xcconfig"; path = "Target Support Files/Pods-NewsCards/Pods-NewsCards.debug.xcconfig"; sourceTree = "<group>"; };
		0FE89F271402E4D1BCB99B36 /* Pods-NewsCards.release.xcconfig */ = {isa = PBXFileReference; includeInIndex = 1; lastKnownFileType = text.xcconfig; name = "Pods-NewsCards.release.xcconfig"; path = "Target Support Files/Pods-NewsCards/Pods-NewsCards.release.xcconfig"; sourceTree = "<group>"; };
		136FF87B011E830E636CBF69 /* Pods-NewsCardsTests.release.xcconfig */ = {isa = PBXFileReference; includeInIndex = 1; lastKnownFileType = text.xcconfig; name = "Pods-NewsCardsTests.release.xcconfig"; path = "Target Support Files/Pods-NewsCardsTests/Pods-NewsCardsTests.release.xcconfig"; sourceTree = "<group>"; };
		5140152906608197A4D0AF2D /* Pods-NewsCards-NewsCardsUITests.release.xcconfig */ = {isa = PBXFileReference; includeInIndex = 1; lastKnownFileType = text.xcconfig; name = "Pods-NewsCards-NewsCardsUITests.release.xcconfig"; path = "Target Support Files/Pods-NewsCards-NewsCardsUITests/Pods-NewsCards-NewsCardsUITests.release.xcconfig"; sourceTree = "<group>"; };
		5ED13002DF631A89411B74E4 /* Pods_NewsCardsTests.framework */ = {isa = PBXFileReference; explicitFileType = wrapper.framework; includeInIndex = 0; path = Pods_NewsCardsTests.framework; sourceTree = BUILT_PRODUCTS_DIR; };
		607E551927243575002116B1 /* CollectionViewCell.swift */ = {isa = PBXFileReference; lastKnownFileType = sourcecode.swift; path = CollectionViewCell.swift; sourceTree = "<group>"; };
		607E551C27253854002116B1 /* HeaderCollectionReusableView.swift */ = {isa = PBXFileReference; lastKnownFileType = sourcecode.swift; path = HeaderCollectionReusableView.swift; sourceTree = "<group>"; };
		607E551D27253854002116B1 /* HeaderCollectionReusableView.xib */ = {isa = PBXFileReference; lastKnownFileType = file.xib; path = HeaderCollectionReusableView.xib; sourceTree = "<group>"; };
		608D6B0E272411DB00EC0DCE /* NewsCards.app */ = {isa = PBXFileReference; explicitFileType = wrapper.application; includeInIndex = 0; path = NewsCards.app; sourceTree = BUILT_PRODUCTS_DIR; };
		608D6B11272411DB00EC0DCE /* AppDelegate.swift */ = {isa = PBXFileReference; lastKnownFileType = sourcecode.swift; path = AppDelegate.swift; sourceTree = "<group>"; };
		608D6B13272411DB00EC0DCE /* SceneDelegate.swift */ = {isa = PBXFileReference; lastKnownFileType = sourcecode.swift; path = SceneDelegate.swift; sourceTree = "<group>"; };
		608D6B15272411DB00EC0DCE /* ViewController.swift */ = {isa = PBXFileReference; lastKnownFileType = sourcecode.swift; path = ViewController.swift; sourceTree = "<group>"; };
		608D6B18272411DB00EC0DCE /* Base */ = {isa = PBXFileReference; lastKnownFileType = file.storyboard; name = Base; path = Base.lproj/Main.storyboard; sourceTree = "<group>"; };
		608D6B1B272411DB00EC0DCE /* NewsCards.xcdatamodel */ = {isa = PBXFileReference; lastKnownFileType = wrapper.xcdatamodel; path = NewsCards.xcdatamodel; sourceTree = "<group>"; };
		608D6B1D272411DF00EC0DCE /* Assets.xcassets */ = {isa = PBXFileReference; lastKnownFileType = folder.assetcatalog; path = Assets.xcassets; sourceTree = "<group>"; };
		608D6B20272411DF00EC0DCE /* Base */ = {isa = PBXFileReference; lastKnownFileType = file.storyboard; name = Base; path = Base.lproj/LaunchScreen.storyboard; sourceTree = "<group>"; };
		608D6B22272411DF00EC0DCE /* Info.plist */ = {isa = PBXFileReference; lastKnownFileType = text.plist.xml; path = Info.plist; sourceTree = "<group>"; };
		608D6B27272411E000EC0DCE /* NewsCardsTests.xctest */ = {isa = PBXFileReference; explicitFileType = wrapper.cfbundle; includeInIndex = 0; path = NewsCardsTests.xctest; sourceTree = BUILT_PRODUCTS_DIR; };
		608D6B2B272411E000EC0DCE /* NewsCardsTests.swift */ = {isa = PBXFileReference; lastKnownFileType = sourcecode.swift; path = NewsCardsTests.swift; sourceTree = "<group>"; };
		608D6B2D272411E000EC0DCE /* Info.plist */ = {isa = PBXFileReference; lastKnownFileType = text.plist.xml; path = Info.plist; sourceTree = "<group>"; };
		608D6B32272411E000EC0DCE /* NewsCardsUITests.xctest */ = {isa = PBXFileReference; explicitFileType = wrapper.cfbundle; includeInIndex = 0; path = NewsCardsUITests.xctest; sourceTree = BUILT_PRODUCTS_DIR; };
		608D6B36272411E000EC0DCE /* NewsCardsUITests.swift */ = {isa = PBXFileReference; lastKnownFileType = sourcecode.swift; path = NewsCardsUITests.swift; sourceTree = "<group>"; };
		608D6B38272411E000EC0DCE /* Info.plist */ = {isa = PBXFileReference; lastKnownFileType = text.plist.xml; path = Info.plist; sourceTree = "<group>"; };
		95D0AE06872FF0DAF6AAC461 /* Pods_NewsCards_NewsCardsUITests.framework */ = {isa = PBXFileReference; explicitFileType = wrapper.framework; includeInIndex = 0; path = Pods_NewsCards_NewsCardsUITests.framework; sourceTree = BUILT_PRODUCTS_DIR; };
		B1F7A2F78B8BD73D1FD57036 /* Pods-NewsCardsTests.debug.xcconfig */ = {isa = PBXFileReference; includeInIndex = 1; lastKnownFileType = text.xcconfig; name = "Pods-NewsCardsTests.debug.xcconfig"; path = "Target Support Files/Pods-NewsCardsTests/Pods-NewsCardsTests.debug.xcconfig"; sourceTree = "<group>"; };
		B3C6A4F4A9EC413D307B139A /* Pods_NewsCards.framework */ = {isa = PBXFileReference; explicitFileType = wrapper.framework; includeInIndex = 0; path = Pods_NewsCards.framework; sourceTree = BUILT_PRODUCTS_DIR; };
		DF0279BE26179C5435D40193 /* Pods-NewsCards-NewsCardsUITests.debug.xcconfig */ = {isa = PBXFileReference; includeInIndex = 1; lastKnownFileType = text.xcconfig; name = "Pods-NewsCards-NewsCardsUITests.debug.xcconfig"; path = "Target Support Files/Pods-NewsCards-NewsCardsUITests/Pods-NewsCards-NewsCardsUITests.debug.xcconfig"; sourceTree = "<group>"; };
/* End PBXFileReference section */

/* Begin PBXFrameworksBuildPhase section */
		608D6B0B272411DB00EC0DCE /* Frameworks */ = {
			isa = PBXFrameworksBuildPhase;
			buildActionMask = 2147483647;
			files = (
				539A05E85959F2101F070C97 /* Pods_NewsCards.framework in Frameworks */,
			);
			runOnlyForDeploymentPostprocessing = 0;
		};
		608D6B24272411E000EC0DCE /* Frameworks */ = {
			isa = PBXFrameworksBuildPhase;
			buildActionMask = 2147483647;
			files = (
				98E6B33F395F2A3AC0ADF9A4 /* Pods_NewsCardsTests.framework in Frameworks */,
			);
			runOnlyForDeploymentPostprocessing = 0;
		};
		608D6B2F272411E000EC0DCE /* Frameworks */ = {
			isa = PBXFrameworksBuildPhase;
			buildActionMask = 2147483647;
			files = (
				A4939251343FEEAA9EBC2F6C /* Pods_NewsCards_NewsCardsUITests.framework in Frameworks */,
			);
			runOnlyForDeploymentPostprocessing = 0;
		};
/* End PBXFrameworksBuildPhase section */

/* Begin PBXGroup section */
		23A147A4AEA431AC286986FE /* Pods */ = {
			isa = PBXGroup;
			children = (
				03B9935F977AABBE352F2DD0 /* Pods-NewsCards.debug.xcconfig */,
				0FE89F271402E4D1BCB99B36 /* Pods-NewsCards.release.xcconfig */,
				DF0279BE26179C5435D40193 /* Pods-NewsCards-NewsCardsUITests.debug.xcconfig */,
				5140152906608197A4D0AF2D /* Pods-NewsCards-NewsCardsUITests.release.xcconfig */,
				B1F7A2F78B8BD73D1FD57036 /* Pods-NewsCardsTests.debug.xcconfig */,
				136FF87B011E830E636CBF69 /* Pods-NewsCardsTests.release.xcconfig */,
			);
			path = Pods;
			sourceTree = "<group>";
		};
		607E551827243550002116B1 /* cell */ = {
			isa = PBXGroup;
			children = (
				607E551927243575002116B1 /* CollectionViewCell.swift */,
			);
			path = cell;
			sourceTree = "<group>";
		};
		607E551B272536F4002116B1 /* CollectionVIewheader */ = {
			isa = PBXGroup;
			children = (
				607E551C27253854002116B1 /* HeaderCollectionReusableView.swift */,
				607E551D27253854002116B1 /* HeaderCollectionReusableView.xib */,
			);
			path = CollectionVIewheader;
			sourceTree = "<group>";
		};
		608D6B05272411DB00EC0DCE = {
			isa = PBXGroup;
			children = (
				608D6B10272411DB00EC0DCE /* NewsCards */,
				608D6B2A272411E000EC0DCE /* NewsCardsTests */,
				608D6B35272411E000EC0DCE /* NewsCardsUITests */,
				608D6B0F272411DB00EC0DCE /* Products */,
				23A147A4AEA431AC286986FE /* Pods */,
				EF37524F326E7A2F62A008AA /* Frameworks */,
			);
			sourceTree = "<group>";
		};
		608D6B0F272411DB00EC0DCE /* Products */ = {
			isa = PBXGroup;
			children = (
				608D6B0E272411DB00EC0DCE /* NewsCards.app */,
				608D6B27272411E000EC0DCE /* NewsCardsTests.xctest */,
				608D6B32272411E000EC0DCE /* NewsCardsUITests.xctest */,
			);
			name = Products;
			sourceTree = "<group>";
		};
		608D6B10272411DB00EC0DCE /* NewsCards */ = {
			isa = PBXGroup;
			children = (
				607E551B272536F4002116B1 /* CollectionVIewheader */,
				607E551827243550002116B1 /* cell */,
				608D6B11272411DB00EC0DCE /* AppDelegate.swift */,
				608D6B13272411DB00EC0DCE /* SceneDelegate.swift */,
				608D6B15272411DB00EC0DCE /* ViewController.swift */,
				608D6B17272411DB00EC0DCE /* Main.storyboard */,
				608D6B1D272411DF00EC0DCE /* Assets.xcassets */,
				608D6B1F272411DF00EC0DCE /* LaunchScreen.storyboard */,
				608D6B22272411DF00EC0DCE /* Info.plist */,
				608D6B1A272411DB00EC0DCE /* NewsCards.xcdatamodeld */,
			);
			path = NewsCards;
			sourceTree = "<group>";
		};
		608D6B2A272411E000EC0DCE /* NewsCardsTests */ = {
			isa = PBXGroup;
			children = (
				608D6B2B272411E000EC0DCE /* NewsCardsTests.swift */,
				608D6B2D272411E000EC0DCE /* Info.plist */,
			);
			path = NewsCardsTests;
			sourceTree = "<group>";
		};
		608D6B35272411E000EC0DCE /* NewsCardsUITests */ = {
			isa = PBXGroup;
			children = (
				608D6B36272411E000EC0DCE /* NewsCardsUITests.swift */,
				608D6B38272411E000EC0DCE /* Info.plist */,
			);
			path = NewsCardsUITests;
			sourceTree = "<group>";
		};
		EF37524F326E7A2F62A008AA /* Frameworks */ = {
			isa = PBXGroup;
			children = (
				B3C6A4F4A9EC413D307B139A /* Pods_NewsCards.framework */,
				95D0AE06872FF0DAF6AAC461 /* Pods_NewsCards_NewsCardsUITests.framework */,
				5ED13002DF631A89411B74E4 /* Pods_NewsCardsTests.framework */,
			);
			name = Frameworks;
			sourceTree = "<group>";
		};
/* End PBXGroup section */

/* Begin PBXNativeTarget section */
		608D6B0D272411DB00EC0DCE /* NewsCards */ = {
			isa = PBXNativeTarget;
			buildConfigurationList = 608D6B3B272411E000EC0DCE /* Build configuration list for PBXNativeTarget "NewsCards" */;
			buildPhases = (
				15A9E3B6A0EC11E3CAF2E4C6 /* [CP] Check Pods Manifest.lock */,
				608D6B0A272411DB00EC0DCE /* Sources */,
				608D6B0B272411DB00EC0DCE /* Frameworks */,
				608D6B0C272411DB00EC0DCE /* Resources */,
				FF1FC3338F851F9C3DA1CABE /* [CP] Embed Pods Frameworks */,
			);
			buildRules = (
			);
			dependencies = (
			);
			name = NewsCards;
			productName = NewsCards;
			productReference = 608D6B0E272411DB00EC0DCE /* NewsCards.app */;
			productType = "com.apple.product-type.application";
		};
		608D6B26272411E000EC0DCE /* NewsCardsTests */ = {
			isa = PBXNativeTarget;
			buildConfigurationList = 608D6B3E272411E000EC0DCE /* Build configuration list for PBXNativeTarget "NewsCardsTests" */;
			buildPhases = (
				9E18B01F24D899721FDCC009 /* [CP] Check Pods Manifest.lock */,
				608D6B23272411E000EC0DCE /* Sources */,
				608D6B24272411E000EC0DCE /* Frameworks */,
				608D6B25272411E000EC0DCE /* Resources */,
			);
			buildRules = (
			);
			dependencies = (
				608D6B29272411E000EC0DCE /* PBXTargetDependency */,
			);
			name = NewsCardsTests;
			productName = NewsCardsTests;
			productReference = 608D6B27272411E000EC0DCE /* NewsCardsTests.xctest */;
			productType = "com.apple.product-type.bundle.unit-test";
		};
		608D6B31272411E000EC0DCE /* NewsCardsUITests */ = {
			isa = PBXNativeTarget;
			buildConfigurationList = 608D6B41272411E000EC0DCE /* Build configuration list for PBXNativeTarget "NewsCardsUITests" */;
			buildPhases = (
				1EBC6DF177EEB7DD45659EBC /* [CP] Check Pods Manifest.lock */,
				608D6B2E272411E000EC0DCE /* Sources */,
				608D6B2F272411E000EC0DCE /* Frameworks */,
				608D6B30272411E000EC0DCE /* Resources */,
				955761D139A80C3D4DACAF12 /* [CP] Embed Pods Frameworks */,
			);
			buildRules = (
			);
			dependencies = (
				608D6B34272411E000EC0DCE /* PBXTargetDependency */,
			);
			name = NewsCardsUITests;
			productName = NewsCardsUITests;
			productReference = 608D6B32272411E000EC0DCE /* NewsCardsUITests.xctest */;
			productType = "com.apple.product-type.bundle.ui-testing";
		};
/* End PBXNativeTarget section */

/* Begin PBXProject section */
		608D6B06272411DB00EC0DCE /* Project object */ = {
			isa = PBXProject;
			attributes = {
				LastSwiftUpdateCheck = 1250;
				LastUpgradeCheck = 1250;
				TargetAttributes = {
					608D6B0D272411DB00EC0DCE = {
						CreatedOnToolsVersion = 12.5.1;
					};
					608D6B26272411E000EC0DCE = {
						CreatedOnToolsVersion = 12.5.1;
						TestTargetID = 608D6B0D272411DB00EC0DCE;
					};
					608D6B31272411E000EC0DCE = {
						CreatedOnToolsVersion = 12.5.1;
						TestTargetID = 608D6B0D272411DB00EC0DCE;
					};
				};
			};
			buildConfigurationList = 608D6B09272411DB00EC0DCE /* Build configuration list for PBXProject "NewsCards" */;
			compatibilityVersion = "Xcode 9.3";
			developmentRegion = en;
			hasScannedForEncodings = 0;
			knownRegions = (
				en,
				Base,
			);
			mainGroup = 608D6B05272411DB00EC0DCE;
			productRefGroup = 608D6B0F272411DB00EC0DCE /* Products */;
			projectDirPath = "";
			projectRoot = "";
			targets = (
				608D6B0D272411DB00EC0DCE /* NewsCards */,
				608D6B26272411E000EC0DCE /* NewsCardsTests */,
				608D6B31272411E000EC0DCE /* NewsCardsUITests */,
			);
		};
/* End PBXProject section */

/* Begin PBXResourcesBuildPhase section */
		608D6B0C272411DB00EC0DCE /* Resources */ = {
			isa = PBXResourcesBuildPhase;
			buildActionMask = 2147483647;
			files = (
				607E551F27253854002116B1 /* HeaderCollectionReusableView.xib in Resources */,
				608D6B21272411DF00EC0DCE /* LaunchScreen.storyboard in Resources */,
				608D6B1E272411DF00EC0DCE /* Assets.xcassets in Resources */,
				608D6B19272411DB00EC0DCE /* Main.storyboard in Resources */,
			);
			runOnlyForDeploymentPostprocessing = 0;
		};
		608D6B25272411E000EC0DCE /* Resources */ = {
			isa = PBXResourcesBuildPhase;
			buildActionMask = 2147483647;
			files = (
			);
			runOnlyForDeploymentPostprocessing = 0;
		};
		608D6B30272411E000EC0DCE /* Resources */ = {
			isa = PBXResourcesBuildPhase;
			buildActionMask = 2147483647;
			files = (
			);
			runOnlyForDeploymentPostprocessing = 0;
		};
/* End PBXResourcesBuildPhase section */

/* Begin PBXShellScriptBuildPhase section */
		15A9E3B6A0EC11E3CAF2E4C6 /* [CP] Check Pods Manifest.lock */ = {
			isa = PBXShellScriptBuildPhase;
			buildActionMask = 2147483647;
			files = (
			);
			inputFileListPaths = (
			);
			inputPaths = (
				"${PODS_PODFILE_DIR_PATH}/Podfile.lock",
				"${PODS_ROOT}/Manifest.lock",
			);
			name = "[CP] Check Pods Manifest.lock";
			outputFileListPaths = (
			);
			outputPaths = (
				"$(DERIVED_FILE_DIR)/Pods-NewsCards-checkManifestLockResult.txt",
			);
			runOnlyForDeploymentPostprocessing = 0;
			shellPath = /bin/sh;
			shellScript = "diff \"${PODS_PODFILE_DIR_PATH}/Podfile.lock\" \"${PODS_ROOT}/Manifest.lock\" > /dev/null\nif [ $? != 0 ] ; then\n    # print error to STDERR\n    echo \"error: The sandbox is not in sync with the Podfile.lock. Run 'pod install' or update your CocoaPods installation.\" >&2\n    exit 1\nfi\n# This output is used by Xcode 'outputs' to avoid re-running this script phase.\necho \"SUCCESS\" > \"${SCRIPT_OUTPUT_FILE_0}\"\n";
			showEnvVarsInLog = 0;
		};
		1EBC6DF177EEB7DD45659EBC /* [CP] Check Pods Manifest.lock */ = {
			isa = PBXShellScriptBuildPhase;
			buildActionMask = 2147483647;
			files = (
			);
			inputFileListPaths = (
			);
			inputPaths = (
				"${PODS_PODFILE_DIR_PATH}/Podfile.lock",
				"${PODS_ROOT}/Manifest.lock",
			);
			name = "[CP] Check Pods Manifest.lock";
			outputFileListPaths = (
			);
			outputPaths = (
				"$(DERIVED_FILE_DIR)/Pods-NewsCards-NewsCardsUITests-checkManifestLockResult.txt",
			);
			runOnlyForDeploymentPostprocessing = 0;
			shellPath = /bin/sh;
			shellScript = "diff \"${PODS_PODFILE_DIR_PATH}/Podfile.lock\" \"${PODS_ROOT}/Manifest.lock\" > /dev/null\nif [ $? != 0 ] ; then\n    # print error to STDERR\n    echo \"error: The sandbox is not in sync with the Podfile.lock. Run 'pod install' or update your CocoaPods installation.\" >&2\n    exit 1\nfi\n# This output is used by Xcode 'outputs' to avoid re-running this script phase.\necho \"SUCCESS\" > \"${SCRIPT_OUTPUT_FILE_0}\"\n";
			showEnvVarsInLog = 0;
		};
		955761D139A80C3D4DACAF12 /* [CP] Embed Pods Frameworks */ = {
			isa = PBXShellScriptBuildPhase;
			buildActionMask = 2147483647;
			files = (
			);
			inputFileListPaths = (
				"${PODS_ROOT}/Target Support Files/Pods-NewsCards-NewsCardsUITests/Pods-NewsCards-NewsCardsUITests-frameworks-${CONFIGURATION}-input-files.xcfilelist",
			);
			name = "[CP] Embed Pods Frameworks";
			outputFileListPaths = (
				"${PODS_ROOT}/Target Support Files/Pods-NewsCards-NewsCardsUITests/Pods-NewsCards-NewsCardsUITests-frameworks-${CONFIGURATION}-output-files.xcfilelist",
			);
			runOnlyForDeploymentPostprocessing = 0;
			shellPath = /bin/sh;
			shellScript = "\"${PODS_ROOT}/Target Support Files/Pods-NewsCards-NewsCardsUITests/Pods-NewsCards-NewsCardsUITests-frameworks.sh\"\n";
			showEnvVarsInLog = 0;
		};
		9E18B01F24D899721FDCC009 /* [CP] Check Pods Manifest.lock */ = {
			isa = PBXShellScriptBuildPhase;
			buildActionMask = 2147483647;
			files = (
			);
			inputFileListPaths = (
			);
			inputPaths = (
				"${PODS_PODFILE_DIR_PATH}/Podfile.lock",
				"${PODS_ROOT}/Manifest.lock",
			);
			name = "[CP] Check Pods Manifest.lock";
			outputFileListPaths = (
			);
			outputPaths = (
				"$(DERIVED_FILE_DIR)/Pods-NewsCardsTests-checkManifestLockResult.txt",
			);
			runOnlyForDeploymentPostprocessing = 0;
			shellPath = /bin/sh;
			shellScript = "diff \"${PODS_PODFILE_DIR_PATH}/Podfile.lock\" \"${PODS_ROOT}/Manifest.lock\" > /dev/null\nif [ $? != 0 ] ; then\n    # print error to STDERR\n    echo \"error: The sandbox is not in sync with the Podfile.lock. Run 'pod install' or update your CocoaPods installation.\" >&2\n    exit 1\nfi\n# This output is used by Xcode 'outputs' to avoid re-running this script phase.\necho \"SUCCESS\" > \"${SCRIPT_OUTPUT_FILE_0}\"\n";
			showEnvVarsInLog = 0;
		};
		FF1FC3338F851F9C3DA1CABE /* [CP] Embed Pods Frameworks */ = {
			isa = PBXShellScriptBuildPhase;
			buildActionMask = 2147483647;
			files = (
			);
			inputFileListPaths = (
				"${PODS_ROOT}/Target Support Files/Pods-NewsCards/Pods-NewsCards-frameworks-${CONFIGURATION}-input-files.xcfilelist",
			);
			name = "[CP] Embed Pods Frameworks";
			outputFileListPaths = (
				"${PODS_ROOT}/Target Support Files/Pods-NewsCards/Pods-NewsCards-frameworks-${CONFIGURATION}-output-files.xcfilelist",
			);
			runOnlyForDeploymentPostprocessing = 0;
			shellPath = /bin/sh;
			shellScript = "\"${PODS_ROOT}/Target Support Files/Pods-NewsCards/Pods-NewsCards-frameworks.sh\"\n";
			showEnvVarsInLog = 0;
		};
/* End PBXShellScriptBuildPhase section */

/* Begin PBXSourcesBuildPhase section */
		608D6B0A272411DB00EC0DCE /* Sources */ = {
			isa = PBXSourcesBuildPhase;
			buildActionMask = 2147483647;
			files = (
				607E551A27243575002116B1 /* CollectionViewCell.swift in Sources */,
				608D6B1C272411DB00EC0DCE /* NewsCards.xcdatamodeld in Sources */,
				608D6B16272411DB00EC0DCE /* ViewController.swift in Sources */,
				608D6B12272411DB00EC0DCE /* AppDelegate.swift in Sources */,
				607E551E27253854002116B1 /* HeaderCollectionReusableView.swift in Sources */,
				608D6B14272411DB00EC0DCE /* SceneDelegate.swift in Sources */,
			);
			runOnlyForDeploymentPostprocessing = 0;
		};
		608D6B23272411E000EC0DCE /* Sources */ = {
			isa = PBXSourcesBuildPhase;
			buildActionMask = 2147483647;
			files = (
				608D6B2C272411E000EC0DCE /* NewsCardsTests.swift in Sources */,
			);
			runOnlyForDeploymentPostprocessing = 0;
		};
		608D6B2E272411E000EC0DCE /* Sources */ = {
			isa = PBXSourcesBuildPhase;
			buildActionMask = 2147483647;
			files = (
				608D6B37272411E000EC0DCE /* NewsCardsUITests.swift in Sources */,
			);
			runOnlyForDeploymentPostprocessing = 0;
		};
/* End PBXSourcesBuildPhase section */

/* Begin PBXTargetDependency section */
		608D6B29272411E000EC0DCE /* PBXTargetDependency */ = {
			isa = PBXTargetDependency;
			target = 608D6B0D272411DB00EC0DCE /* NewsCards */;
			targetProxy = 608D6B28272411E000EC0DCE /* PBXContainerItemProxy */;
		};
		608D6B34272411E000EC0DCE /* PBXTargetDependency */ = {
			isa = PBXTargetDependency;
			target = 608D6B0D272411DB00EC0DCE /* NewsCards */;
			targetProxy = 608D6B33272411E000EC0DCE /* PBXContainerItemProxy */;
		};
/* End PBXTargetDependency section */

/* Begin PBXVariantGroup section */
		608D6B17272411DB00EC0DCE /* Main.storyboard */ = {
			isa = PBXVariantGroup;
			children = (
				608D6B18272411DB00EC0DCE /* Base */,
			);
			name = Main.storyboard;
			sourceTree = "<group>";
		};
		608D6B1F272411DF00EC0DCE /* LaunchScreen.storyboard */ = {
			isa = PBXVariantGroup;
			children = (
				608D6B20272411DF00EC0DCE /* Base */,
			);
			name = LaunchScreen.storyboard;
			sourceTree = "<group>";
		};
/* End PBXVariantGroup section */

/* Begin XCBuildConfiguration section */
		608D6B39272411E000EC0DCE /* Debug */ = {
			isa = XCBuildConfiguration;
			buildSettings = {
				ALWAYS_SEARCH_USER_PATHS = NO;
				CLANG_ANALYZER_NONNULL = YES;
				CLANG_ANALYZER_NUMBER_OBJECT_CONVERSION = YES_AGGRESSIVE;
				CLANG_CXX_LANGUAGE_STANDARD = "gnu++14";
				CLANG_CXX_LIBRARY = "libc++";
				CLANG_ENABLE_MODULES = YES;
				CLANG_ENABLE_OBJC_ARC = YES;
				CLANG_ENABLE_OBJC_WEAK = YES;
				CLANG_WARN_BLOCK_CAPTURE_AUTORELEASING = YES;
				CLANG_WARN_BOOL_CONVERSION = YES;
				CLANG_WARN_COMMA = YES;
				CLANG_WARN_CONSTANT_CONVERSION = YES;
				CLANG_WARN_DEPRECATED_OBJC_IMPLEMENTATIONS = YES;
				CLANG_WARN_DIRECT_OBJC_ISA_USAGE = YES_ERROR;
				CLANG_WARN_DOCUMENTATION_COMMENTS = YES;
				CLANG_WARN_EMPTY_BODY = YES;
				CLANG_WARN_ENUM_CONVERSION = YES;
				CLANG_WARN_INFINITE_RECURSION = YES;
				CLANG_WARN_INT_CONVERSION = YES;
				CLANG_WARN_NON_LITERAL_NULL_CONVERSION = YES;
				CLANG_WARN_OBJC_IMPLICIT_RETAIN_SELF = YES;
				CLANG_WARN_OBJC_LITERAL_CONVERSION = YES;
				CLANG_WARN_OBJC_ROOT_CLASS = YES_ERROR;
				CLANG_WARN_QUOTED_INCLUDE_IN_FRAMEWORK_HEADER = YES;
				CLANG_WARN_RANGE_LOOP_ANALYSIS = YES;
				CLANG_WARN_STRICT_PROTOTYPES = YES;
				CLANG_WARN_SUSPICIOUS_MOVE = YES;
				CLANG_WARN_UNGUARDED_AVAILABILITY = YES_AGGRESSIVE;
				CLANG_WARN_UNREACHABLE_CODE = YES;
				CLANG_WARN__DUPLICATE_METHOD_MATCH = YES;
				COPY_PHASE_STRIP = NO;
				DEBUG_INFORMATION_FORMAT = dwarf;
				ENABLE_STRICT_OBJC_MSGSEND = YES;
				ENABLE_TESTABILITY = YES;
				GCC_C_LANGUAGE_STANDARD = gnu11;
				GCC_DYNAMIC_NO_PIC = NO;
				GCC_NO_COMMON_BLOCKS = YES;
				GCC_OPTIMIZATION_LEVEL = 0;
				GCC_PREPROCESSOR_DEFINITIONS = (
					"DEBUG=1",
					"$(inherited)",
				);
				GCC_WARN_64_TO_32_BIT_CONVERSION = YES;
				GCC_WARN_ABOUT_RETURN_TYPE = YES_ERROR;
				GCC_WARN_UNDECLARED_SELECTOR = YES;
				GCC_WARN_UNINITIALIZED_AUTOS = YES_AGGRESSIVE;
				GCC_WARN_UNUSED_FUNCTION = YES;
				GCC_WARN_UNUSED_VARIABLE = YES;
				IPHONEOS_DEPLOYMENT_TARGET = 14.5;
				MTL_ENABLE_DEBUG_INFO = INCLUDE_SOURCE;
				MTL_FAST_MATH = YES;
				ONLY_ACTIVE_ARCH = YES;
				SDKROOT = iphoneos;
				SWIFT_ACTIVE_COMPILATION_CONDITIONS = DEBUG;
				SWIFT_OPTIMIZATION_LEVEL = "-Onone";
			};
			name = Debug;
		};
		608D6B3A272411E000EC0DCE /* Release */ = {
			isa = XCBuildConfiguration;
			buildSettings = {
				ALWAYS_SEARCH_USER_PATHS = NO;
				CLANG_ANALYZER_NONNULL = YES;
				CLANG_ANALYZER_NUMBER_OBJECT_CONVERSION = YES_AGGRESSIVE;
				CLANG_CXX_LANGUAGE_STANDARD = "gnu++14";
				CLANG_CXX_LIBRARY = "libc++";
				CLANG_ENABLE_MODULES = YES;
				CLANG_ENABLE_OBJC_ARC = YES;
				CLANG_ENABLE_OBJC_WEAK = YES;
				CLANG_WARN_BLOCK_CAPTURE_AUTORELEASING = YES;
				CLANG_WARN_BOOL_CONVERSION = YES;
				CLANG_WARN_COMMA = YES;
				CLANG_WARN_CONSTANT_CONVERSION = YES;
				CLANG_WARN_DEPRECATED_OBJC_IMPLEMENTATIONS = YES;
				CLANG_WARN_DIRECT_OBJC_ISA_USAGE = YES_ERROR;
				CLANG_WARN_DOCUMENTATION_COMMENTS = YES;
				CLANG_WARN_EMPTY_BODY = YES;
				CLANG_WARN_ENUM_CONVERSION = YES;
				CLANG_WARN_INFINITE_RECURSION = YES;
				CLANG_WARN_INT_CONVERSION = YES;
				CLANG_WARN_NON_LITERAL_NULL_CONVERSION = YES;
				CLANG_WARN_OBJC_IMPLICIT_RETAIN_SELF = YES;
				CLANG_WARN_OBJC_LITERAL_CONVERSION = YES;
				CLANG_WARN_OBJC_ROOT_CLASS = YES_ERROR;
				CLANG_WARN_QUOTED_INCLUDE_IN_FRAMEWORK_HEADER = YES;
				CLANG_WARN_RANGE_LOOP_ANALYSIS = YES;
				CLANG_WARN_STRICT_PROTOTYPES = YES;
				CLANG_WARN_SUSPICIOUS_MOVE = YES;
				CLANG_WARN_UNGUARDED_AVAILABILITY = YES_AGGRESSIVE;
				CLANG_WARN_UNREACHABLE_CODE = YES;
				CLANG_WARN__DUPLICATE_METHOD_MATCH = YES;
				COPY_PHASE_STRIP = NO;
				DEBUG_INFORMATION_FORMAT = "dwarf-with-dsym";
				ENABLE_NS_ASSERTIONS = NO;
				ENABLE_STRICT_OBJC_MSGSEND = YES;
				GCC_C_LANGUAGE_STANDARD = gnu11;
				GCC_NO_COMMON_BLOCKS = YES;
				GCC_WARN_64_TO_32_BIT_CONVERSION = YES;
				GCC_WARN_ABOUT_RETURN_TYPE = YES_ERROR;
				GCC_WARN_UNDECLARED_SELECTOR = YES;
				GCC_WARN_UNINITIALIZED_AUTOS = YES_AGGRESSIVE;
				GCC_WARN_UNUSED_FUNCTION = YES;
				GCC_WARN_UNUSED_VARIABLE = YES;
				IPHONEOS_DEPLOYMENT_TARGET = 14.5;
				MTL_ENABLE_DEBUG_INFO = NO;
				MTL_FAST_MATH = YES;
				SDKROOT = iphoneos;
				SWIFT_COMPILATION_MODE = wholemodule;
				SWIFT_OPTIMIZATION_LEVEL = "-O";
				VALIDATE_PRODUCT = YES;
			};
			name = Release;
		};
		608D6B3C272411E000EC0DCE /* Debug */ = {
			isa = XCBuildConfiguration;
			baseConfigurationReference = 03B9935F977AABBE352F2DD0 /* Pods-NewsCards.debug.xcconfig */;
			buildSettings = {
				ASSETCATALOG_COMPILER_APPICON_NAME = AppIcon;
				ASSETCATALOG_COMPILER_GLOBAL_ACCENT_COLOR_NAME = AccentColor;
				CODE_SIGN_STYLE = Automatic;
				DEVELOPMENT_TEAM = CH2C693279;
				INFOPLIST_FILE = NewsCards/Info.plist;
				LD_RUNPATH_SEARCH_PATHS = (
					"$(inherited)",
					"@executable_path/Frameworks",
				);
				PRODUCT_BUNDLE_IDENTIFIER = forFun.NewsCards;
				PRODUCT_NAME = "$(TARGET_NAME)";
				SWIFT_VERSION = 5.0;
				TARGETED_DEVICE_FAMILY = "1,2";
			};
			name = Debug;
		};
		608D6B3D272411E000EC0DCE /* Release */ = {
			isa = XCBuildConfiguration;
			baseConfigurationReference = 0FE89F271402E4D1BCB99B36 /* Pods-NewsCards.release.xcconfig */;
			buildSettings = {
				ASSETCATALOG_COMPILER_APPICON_NAME = AppIcon;
				ASSETCATALOG_COMPILER_GLOBAL_ACCENT_COLOR_NAME = AccentColor;
				CODE_SIGN_STYLE = Automatic;
				DEVELOPMENT_TEAM = CH2C693279;
				INFOPLIST_FILE = NewsCards/Info.plist;
				LD_RUNPATH_SEARCH_PATHS = (
					"$(inherited)",
					"@executable_path/Frameworks",
				);
				PRODUCT_BUNDLE_IDENTIFIER = forFun.NewsCards;
				PRODUCT_NAME = "$(TARGET_NAME)";
				SWIFT_VERSION = 5.0;
				TARGETED_DEVICE_FAMILY = "1,2";
			};
			name = Release;
		};
		608D6B3F272411E000EC0DCE /* Debug */ = {
			isa = XCBuildConfiguration;
			baseConfigurationReference = B1F7A2F78B8BD73D1FD57036 /* Pods-NewsCardsTests.debug.xcconfig */;
			buildSettings = {
				ALWAYS_EMBED_SWIFT_STANDARD_LIBRARIES = YES;
				BUNDLE_LOADER = "$(TEST_HOST)";
				CODE_SIGN_STYLE = Automatic;
				DEVELOPMENT_TEAM = CH2C693279;
				INFOPLIST_FILE = NewsCardsTests/Info.plist;
				IPHONEOS_DEPLOYMENT_TARGET = 14.5;
				LD_RUNPATH_SEARCH_PATHS = (
					"$(inherited)",
					"@executable_path/Frameworks",
					"@loader_path/Frameworks",
				);
				PRODUCT_BUNDLE_IDENTIFIER = forFun.NewsCardsTests;
				PRODUCT_NAME = "$(TARGET_NAME)";
				SWIFT_VERSION = 5.0;
				TARGETED_DEVICE_FAMILY = "1,2";
				TEST_HOST = "$(BUILT_PRODUCTS_DIR)/NewsCards.app/NewsCards";
			};
			name = Debug;
		};
		608D6B40272411E000EC0DCE /* Release */ = {
			isa = XCBuildConfiguration;
			baseConfigurationReference = 136FF87B011E830E636CBF69 /* Pods-NewsCardsTests.release.xcconfig */;
			buildSettings = {
				ALWAYS_EMBED_SWIFT_STANDARD_LIBRARIES = YES;
				BUNDLE_LOADER = "$(TEST_HOST)";
				CODE_SIGN_STYLE = Automatic;
				DEVELOPMENT_TEAM = CH2C693279;
				INFOPLIST_FILE = NewsCardsTests/Info.plist;
				IPHONEOS_DEPLOYMENT_TARGET = 14.5;
				LD_RUNPATH_SEARCH_PATHS = (
					"$(inherited)",
					"@executable_path/Frameworks",
					"@loader_path/Frameworks",
				);
				PRODUCT_BUNDLE_IDENTIFIER = forFun.NewsCardsTests;
				PRODUCT_NAME = "$(TARGET_NAME)";
				SWIFT_VERSION = 5.0;
				TARGETED_DEVICE_FAMILY = "1,2";
				TEST_HOST = "$(BUILT_PRODUCTS_DIR)/NewsCards.app/NewsCards";
			};
			name = Release;
		};
		608D6B42272411E000EC0DCE /* Debug */ = {
			isa = XCBuildConfiguration;
			baseConfigurationReference = DF0279BE26179C5435D40193 /* Pods-NewsCards-NewsCardsUITests.debug.xcconfig */;
			buildSettings = {
				ALWAYS_EMBED_SWIFT_STANDARD_LIBRARIES = YES;
				CODE_SIGN_STYLE = Automatic;
				DEVELOPMENT_TEAM = CH2C693279;
				INFOPLIST_FILE = NewsCardsUITests/Info.plist;
				LD_RUNPATH_SEARCH_PATHS = (
					"$(inherited)",
					"@executable_path/Frameworks",
					"@loader_path/Frameworks",
				);
				PRODUCT_BUNDLE_IDENTIFIER = forFun.NewsCardsUITests;
				PRODUCT_NAME = "$(TARGET_NAME)";
				SWIFT_VERSION = 5.0;
				TARGETED_DEVICE_FAMILY = "1,2";
				TEST_TARGET_NAME = NewsCards;
			};
			name = Debug;
		};
		608D6B43272411E000EC0DCE /* Release */ = {
			isa = XCBuildConfiguration;
			baseConfigurationReference = 5140152906608197A4D0AF2D /* Pods-NewsCards-NewsCardsUITests.release.xcconfig */;
			buildSettings = {
				ALWAYS_EMBED_SWIFT_STANDARD_LIBRARIES = YES;
				CODE_SIGN_STYLE = Automatic;
				DEVELOPMENT_TEAM = CH2C693279;
				INFOPLIST_FILE = NewsCardsUITests/Info.plist;
				LD_RUNPATH_SEARCH_PATHS = (
					"$(inherited)",
					"@executable_path/Frameworks",
					"@loader_path/Frameworks",
				);
				PRODUCT_BUNDLE_IDENTIFIER = forFun.NewsCardsUITests;
				PRODUCT_NAME = "$(TARGET_NAME)";
				SWIFT_VERSION = 5.0;
				TARGETED_DEVICE_FAMILY = "1,2";
				TEST_TARGET_NAME = NewsCards;
			};
			name = Release;
		};
/* End XCBuildConfiguration section */

/* Begin XCConfigurationList section */
		608D6B09272411DB00EC0DCE /* Build configuration list for PBXProject "NewsCards" */ = {
			isa = XCConfigurationList;
			buildConfigurations = (
				608D6B39272411E000EC0DCE /* Debug */,
				608D6B3A272411E000EC0DCE /* Release */,
			);
			defaultConfigurationIsVisible = 0;
			defaultConfigurationName = Release;
		};
		608D6B3B272411E000EC0DCE /* Build configuration list for PBXNativeTarget "NewsCards" */ = {
			isa = XCConfigurationList;
			buildConfigurations = (
				608D6B3C272411E000EC0DCE /* Debug */,
				608D6B3D272411E000EC0DCE /* Release */,
			);
			defaultConfigurationIsVisible = 0;
			defaultConfigurationName = Release;
		};
		608D6B3E272411E000EC0DCE /* Build configuration list for PBXNativeTarget "NewsCardsTests" */ = {
			isa = XCConfigurationList;
			buildConfigurations = (
				608D6B3F272411E000EC0DCE /* Debug */,
				608D6B40272411E000EC0DCE /* Release */,
			);
			defaultConfigurationIsVisible = 0;
			defaultConfigurationName = Release;
		};
		608D6B41272411E000EC0DCE /* Build configuration list for PBXNativeTarget "NewsCardsUITests" */ = {
			isa = XCConfigurationList;
			buildConfigurations = (
				608D6B42272411E000EC0DCE /* Debug */,
				608D6B43272411E000EC0DCE /* Release */,
			);
			defaultConfigurationIsVisible = 0;
			defaultConfigurationName = Release;
		};
/* End XCConfigurationList section */

/* Begin XCVersionGroup section */
		608D6B1A272411DB00EC0DCE /* NewsCards.xcdatamodeld */ = {
			isa = XCVersionGroup;
			children = (
				608D6B1B272411DB00EC0DCE /* NewsCards.xcdatamodel */,
			);
			currentVersion = 608D6B1B272411DB00EC0DCE /* NewsCards.xcdatamodel */;
			path = NewsCards.xcdatamodeld;
			sourceTree = "<group>";
			versionGroupType = wrapper.xcdatamodel;
		};
/* End XCVersionGroup section */
	};
	rootObject = 608D6B06272411DB00EC0DCE /* Project object */;
}
